{
  "version": "5",
  "specifiers": {
    "jsr:@std/fs@*": "1.0.19",
    "jsr:@std/internal@^1.0.10": "1.0.12",
    "jsr:@std/internal@^1.0.9": "1.0.12",
    "jsr:@std/path@*": "1.1.2",
    "jsr:@std/path@^1.1.1": "1.1.2"
  },
  "jsr": {
    "@std/fs@1.0.19": {
      "integrity": "051968c2b1eae4d2ea9f79a08a3845740ef6af10356aff43d3e2ef11ed09fb06",
      "dependencies": [
        "jsr:@std/internal@^1.0.9",
        "jsr:@std/path@^1.1.1"
      ]
    },
    "@std/internal@1.0.12": {
      "integrity": "972a634fd5bc34b242024402972cd5143eac68d8dffaca5eaa4dba30ce17b027"
    },
    "@std/path@1.1.2": {
      "integrity": "c0b13b97dfe06546d5e16bf3966b1cadf92e1cc83e56ba5476ad8b498d9e3038",
      "dependencies": [
        "jsr:@std/internal@^1.0.10"
      ]
    }
  },
  "workspace": {
    "packageJson": {
      "dependencies": [
        "npm:@ai-sdk/anthropic@2.0.43",
        "npm:@ai-sdk/google@^2.0.43",
        "npm:@ai-sdk/openai@^2.0.73",
        "npm:@anthropic-ai/claude-agent-sdk@~0.1.55",
        "npm:@aws-sdk/client-s3@^3.940.0",
        "npm:@cloudflare/vitest-pool-workers@~0.10.11",
        "npm:@cloudflare/workers-types@^4.20251126.0",
        "npm:@duckdb/duckdb-wasm@^1.30.0",
        "npm:@duckdb/node-api@1.4.2-r.1",
        "npm:@electric-sql/pglite@~0.3.14",
        "npm:@hono/node-server@^1.19.6",
        "npm:@inkjs/ui@2",
        "npm:@libsql/client@~0.15.15",
        "npm:@modelcontextprotocol/sdk@^1.23.0",
        "npm:@playwright/test@^1.57.0",
        "npm:@preact/signals@^2.5.1",
        "npm:@testing-library/jest-dom@^6.9.1",
        "npm:@testing-library/preact@^3.2.4",
        "npm:@testing-library/react@16.3.0",
        "npm:@testing-library/vue@^8.1.0",
        "npm:@types/node@^24.10.1",
        "npm:@vitest/expect@^4.0.14",
        "npm:@vue/server-renderer@^3.5.25",
        "npm:ai@6.0.0-beta.95",
        "npm:ajv@^8.17.1",
        "npm:better-auth@^1.4.3",
        "npm:canvas@^3.2.0",
        "npm:chai@^6.2.1",
        "npm:chalk@^5.6.2",
        "npm:chokidar@5",
        "npm:comlink@^4.4.2",
        "npm:date-fns@^4.1.0",
        "npm:debug@^4.4.3",
        "npm:dotenv@^17.2.3",
        "npm:drizzle-orm@~0.44.7",
        "npm:error-stack-parser@^2.1.4",
        "npm:esbuild@0.27",
        "npm:execa@^9.6.0",
        "npm:fake-indexeddb@^6.2.5",
        "npm:global-jsdom@27.0.0",
        "npm:hono@^4.10.7",
        "npm:htmlparser2@10",
        "npm:ignore@^7.0.5",
        "npm:ink-testing-library@4",
        "npm:ink@^6.5.1",
        "npm:js-yaml@^4.1.1",
        "npm:jsdom@27.0.1",
        "npm:magic-string@~0.30.21",
        "npm:memfs@^4.51.0",
        "npm:minimatch@^10.1.1",
        "npm:msw@^2.12.3",
        "npm:pino@^10.1.0",
        "npm:playwright@^1.57.0",
        "npm:preact-render-to-string@^6.6.3",
        "npm:preact@^10.27.2",
        "npm:puppeteer@^24.31.0",
        "npm:react-dom@19.2.0",
        "npm:react-router@7.9.4",
        "npm:react@19.2.0",
        "npm:semver@^7.7.3",
        "npm:simple-git@^3.30.0",
        "npm:source-map@~0.7.6",
        "npm:terser@^5.44.1",
        "npm:typescript@5.9.3",
        "npm:vite@^7.2.4",
        "npm:vitest@^3.2.4",
        "npm:vue@^3.5.25",
        "npm:wrangler@^4.51.0",
        "npm:yargs@18",
        "npm:zod-to-json-schema@^3.25.0",
        "npm:zod@^4.1.13"
      ]
    }
  }
}
